# THIS IS AN AUTOGENERATED FILE. DO NOT EDIT THIS FILE DIRECTLY.
# yarn lockfile v1


web-vitals@^2.1.0:
  version "2.1.0"
  resolved "https://registry.yarnpkg.com/web-vitals/-/web-vitals-2.1.0.tgz#ebf5428875ab5bfc1056c2e80cd177001287de7b"
  integrity sha512-npEyJP8jHf3J71t1tRTEtz9FeKp8H2udWJUUq5ykfPhhstr//TUxiYhIEzLNwk4zv2ybAilMn7v7N6Mxmuitmg==
